
Microsoft Visual Studio Solution File, Format Version 12.00
# Visual Studio 2013
VisualStudioVersion = 12.0.31101.0
MinimumVisualStudioVersion = 10.0.40219.1
Project("{FAE04EC0-301F-11D3-BF4B-00C04F79EFBC}") = "TexasHoldem", "TexasHoldem\TexasHoldem.csproj", "{72B695C2-B6BC-4DF0-9541-7AE148F98531}"
EndProject
Project("{FAE04EC0-301F-11D3-BF4B-00C04F79EFBC}") = "TexasHoldem.UnitTest", "TexasHoldem.UnitTest\TexasHoldem.UnitTest.csproj", "{D9C2B81F-C357-40E9-8319-10DBC41A6B5C}"
EndProject
Project("{FAE04EC0-301F-11D3-BF4B-00C04F79EFBC}") = "Solo", "Solo\Solo.csproj", "{768BE58C-D4B2-45DF-AF01-C8274D6FA33A}"
EndProject
Global
	GlobalSection(SolutionConfigurationPlatforms) = preSolution
		Debug|Any CPU = Debug|Any CPU
		Release|Any CPU = Release|Any CPU
	EndGlobalSection
	GlobalSection(ProjectConfigurationPlatforms) = postSolution
		{72B695C2-B6BC-4DF0-9541-7AE148F98531}.Debug|Any CPU.ActiveCfg = Debug|Any CPU
		{72B695C2-B6BC-4DF0-9541-7AE148F98531}.Debug|Any CPU.Build.0 = Debug|Any CPU
		{72B695C2-B6BC-4DF0-9541-7AE148F98531}.Release|Any CPU.ActiveCfg = Release|Any CPU
		{72B695C2-B6BC-4DF0-9541-7AE148F98531}.Release|Any CPU.Build.0 = Release|Any CPU
		{D9C2B81F-C357-40E9-8319-10DBC41A6B5C}.Debug|Any CPU.ActiveCfg = Debug|Any CPU
		{D9C2B81F-C357-40E9-8319-10DBC41A6B5C}.Debug|Any CPU.Build.0 = Debug|Any CPU
		{D9C2B81F-C357-40E9-8319-10DBC41A6B5C}.Release|Any CPU.ActiveCfg = Release|Any CPU
		{D9C2B81F-C357-40E9-8319-10DBC41A6B5C}.Release|Any CPU.Build.0 = Release|Any CPU
		{768BE58C-D4B2-45DF-AF01-C8274D6FA33A}.Debug|Any CPU.ActiveCfg = Debug|Any CPU
		{768BE58C-D4B2-45DF-AF01-C8274D6FA33A}.Debug|Any CPU.Build.0 = Debug|Any CPU
		{768BE58C-D4B2-45DF-AF01-C8274D6FA33A}.Release|Any CPU.ActiveCfg = Release|Any CPU
		{768BE58C-D4B2-45DF-AF01-C8274D6FA33A}.Release|Any CPU.Build.0 = Release|Any CPU
	EndGlobalSection
	GlobalSection(SolutionProperties) = preSolution
		HideSolutionNode = FALSE
	EndGlobalSection
EndGlobal
